
Microsoft Visual Studio Solution File, Format Version 12.00
# Visual Studio Version 17
VisualStudioVersion = 17.5.33627.172
MinimumVisualStudioVersion = 10.0.40219.1
Project("{FAE04EC0-301F-11D3-BF4B-00C04F79EFBC}") = "Document1", "Document1\Document1.csproj", "{A3183A0F-0C93-44AE-9874-0E910F721B48}"
EndProject
Global
	GlobalSection(SolutionConfigurationPlatforms) = preSolution
		Debug|Any CPU = Debug|Any CPU
		Release|Any CPU = Release|Any CPU
	EndGlobalSection
	GlobalSection(ProjectConfigurationPlatforms) = postSolution
		{A3183A0F-0C93-44AE-9874-0E910F721B48}.Debug|Any CPU.ActiveCfg = Debug|Any CPU
		{A3183A0F-0C93-44AE-9874-0E910F721B48}.Debug|Any CPU.Build.0 = Debug|Any CPU
		{A3183A0F-0C93-44AE-9874-0E910F721B48}.Release|Any CPU.ActiveCfg = Release|Any CPU
		{A3183A0F-0C93-44AE-9874-0E910F721B48}.Release|Any CPU.Build.0 = Release|Any CPU
	EndGlobalSection
	GlobalSection(SolutionProperties) = preSolution
		HideSolutionNode = FALSE
	EndGlobalSection
	GlobalSection(ExtensibilityGlobals) = postSolution
		SolutionGuid = {BFEA1C81-08B7-47DC-A04E-896B26AD2DEA}
	EndGlobalSection
EndGlobal
