
Microsoft Visual Studio Solution File, Format Version 12.00
# Visual Studio Version 17
VisualStudioVersion = 17.5.33627.172
MinimumVisualStudioVersion = 10.0.40219.1
Project("{FAE04EC0-301F-11D3-BF4B-00C04F79EFBC}") = "Interface", "Interface.csproj", "{B91645F6-DBD7-448D-9489-885E96D55C24}"
EndProject
Global
	GlobalSection(SolutionConfigurationPlatforms) = preSolution
		Debug|Any CPU = Debug|Any CPU
		Release|Any CPU = Release|Any CPU
	EndGlobalSection
	GlobalSection(ProjectConfigurationPlatforms) = postSolution
		{B91645F6-DBD7-448D-9489-885E96D55C24}.Debug|Any CPU.ActiveCfg = Debug|Any CPU
		{B91645F6-DBD7-448D-9489-885E96D55C24}.Debug|Any CPU.Build.0 = Debug|Any CPU
		{B91645F6-DBD7-448D-9489-885E96D55C24}.Release|Any CPU.ActiveCfg = Release|Any CPU
		{B91645F6-DBD7-448D-9489-885E96D55C24}.Release|Any CPU.Build.0 = Release|Any CPU
	EndGlobalSection
	GlobalSection(SolutionProperties) = preSolution
		HideSolutionNode = FALSE
	EndGlobalSection
	GlobalSection(ExtensibilityGlobals) = postSolution
		SolutionGuid = {8E616F2E-E3D0-4086-9DFF-2061FAE7525B}
	EndGlobalSection
EndGlobal
