
Microsoft Visual Studio Solution File, Format Version 12.00
# Visual Studio Version 17
VisualStudioVersion = 17.6.33723.286
MinimumVisualStudioVersion = 10.0.40219.1
Project("{FAE04EC0-301F-11D3-BF4B-00C04F79EFBC}") = "ClinicReservationSystem", "ClinicReservationSystem\ClinicReservationSystem.csproj", "{B5C19F75-1933-4B5A-8B99-204D3A2A4ECB}"
EndProject
Global
	GlobalSection(SolutionConfigurationPlatforms) = preSolution
		Debug|Any CPU = Debug|Any CPU
		Release|Any CPU = Release|Any CPU
	EndGlobalSection
	GlobalSection(ProjectConfigurationPlatforms) = postSolution
		{B5C19F75-1933-4B5A-8B99-204D3A2A4ECB}.Debug|Any CPU.ActiveCfg = Debug|Any CPU
		{B5C19F75-1933-4B5A-8B99-204D3A2A4ECB}.Debug|Any CPU.Build.0 = Debug|Any CPU
		{B5C19F75-1933-4B5A-8B99-204D3A2A4ECB}.Release|Any CPU.ActiveCfg = Release|Any CPU
		{B5C19F75-1933-4B5A-8B99-204D3A2A4ECB}.Release|Any CPU.Build.0 = Release|Any CPU
	EndGlobalSection
	GlobalSection(SolutionProperties) = preSolution
		HideSolutionNode = FALSE
	EndGlobalSection
	GlobalSection(ExtensibilityGlobals) = postSolution
		SolutionGuid = {E69E52B0-D243-4073-AE28-62223830A117}
	EndGlobalSection
EndGlobal
